
Microsoft Visual Studio Solution File, Format Version 12.00
Project("{FAE04EC0-301F-11D3-BF4B-00C04F79EFBC}") = "PdfReportsGenerator.Api.Restful", "src\PdfReportsGenerator.Api.Restful\PdfReportsGenerator.Api.Restful.csproj", "{578C9B0F-DA02-47FA-B104-BF6C251F5BB2}"
EndProject
Project("{FAE04EC0-301F-11D3-BF4B-00C04F79EFBC}") = "PdfReportsGenerator.Bll", "src\PdfReportsGenerator.Bll\PdfReportsGenerator.Bll.csproj", "{16162894-D499-4D42-B7B3-B8AB67FE6363}"
EndProject
Project("{FAE04EC0-301F-11D3-BF4B-00C04F79EFBC}") = "PdfReportsGenerator.Dal", "src\PdfReportsGenerator.Dal\PdfReportsGenerator.Dal.csproj", "{1072F334-71FB-4CD1-99E0-46E6DB41F98E}"
EndProject
Project("{2150E333-8FDC-42A3-9474-1A3956D46DE8}") = "src", "src", "{40D20EC2-D4B9-49A4-B3E2-243BF316B38E}"
EndProject
Project("{2150E333-8FDC-42A3-9474-1A3956D46DE8}") = "tests", "tests", "{84C6AF0C-8794-40ED-B466-E00BADB8040F}"
EndProject
Project("{FAE04EC0-301F-11D3-BF4B-00C04F79EFBC}") = "UnitTests", "tests\UnitTests\UnitTests.csproj", "{C3BCCE45-DDA4-431B-B4A9-F918A01DA8C2}"
EndProject
Project("{FAE04EC0-301F-11D3-BF4B-00C04F79EFBC}") = "PdfReportsGenerator.Api.Grpc", "src\PdfReportsGenerator.Api.Grpc\PdfReportsGenerator.Api.Grpc.csproj", "{160DFE71-0FAC-4220-B570-51334BDFFA29}"
EndProject
Project("{FAE04EC0-301F-11D3-BF4B-00C04F79EFBC}") = "PdfReportsGenerator.BackgroundWorker", "src\PdfReportsGenerator.BackgroundWorker\PdfReportsGenerator.BackgroundWorker.csproj", "{92EFF280-0DB5-47E5-8231-C09C76D4F255}"
EndProject
Project("{FAE04EC0-301F-11D3-BF4B-00C04F79EFBC}") = "PdfReportsGenerator.App.Api", "src\PdfReportsGenerator.App.Api\PdfReportsGenerator.App.Api.csproj", "{DB0D58E7-91EA-4ACA-A4BA-1F577A9340A1}"
EndProject
Project("{FAE04EC0-301F-11D3-BF4B-00C04F79EFBC}") = "PdfReportsGenerator.App.Bll", "src\PdfReportsGenerator.App.Bll\PdfReportsGenerator.App.Bll.csproj", "{52CFD25E-1F68-4ED1-8ACC-85E26AFE2004}"
EndProject
Project("{FAE04EC0-301F-11D3-BF4B-00C04F79EFBC}") = "PDFReportsGenerator.Kafka", "src\PDFReportsGenerator.Kafka\PDFReportsGenerator.Kafka.csproj", "{C000F40B-1883-48EF-8F80-34C5055E8E2D}"
EndProject
Global
	GlobalSection(SolutionConfigurationPlatforms) = preSolution
		Debug|Any CPU = Debug|Any CPU
		Release|Any CPU = Release|Any CPU
	EndGlobalSection
	GlobalSection(ProjectConfigurationPlatforms) = postSolution
		{578C9B0F-DA02-47FA-B104-BF6C251F5BB2}.Debug|Any CPU.ActiveCfg = Debug|Any CPU
		{578C9B0F-DA02-47FA-B104-BF6C251F5BB2}.Debug|Any CPU.Build.0 = Debug|Any CPU
		{578C9B0F-DA02-47FA-B104-BF6C251F5BB2}.Release|Any CPU.ActiveCfg = Release|Any CPU
		{578C9B0F-DA02-47FA-B104-BF6C251F5BB2}.Release|Any CPU.Build.0 = Release|Any CPU
		{1072F334-71FB-4CD1-99E0-46E6DB41F98E}.Debug|Any CPU.ActiveCfg = Debug|Any CPU
		{1072F334-71FB-4CD1-99E0-46E6DB41F98E}.Debug|Any CPU.Build.0 = Debug|Any CPU
		{1072F334-71FB-4CD1-99E0-46E6DB41F98E}.Release|Any CPU.ActiveCfg = Release|Any CPU
		{1072F334-71FB-4CD1-99E0-46E6DB41F98E}.Release|Any CPU.Build.0 = Release|Any CPU
		{16162894-D499-4D42-B7B3-B8AB67FE6363}.Debug|Any CPU.ActiveCfg = Debug|Any CPU
		{16162894-D499-4D42-B7B3-B8AB67FE6363}.Debug|Any CPU.Build.0 = Debug|Any CPU
		{16162894-D499-4D42-B7B3-B8AB67FE6363}.Release|Any CPU.ActiveCfg = Release|Any CPU
		{16162894-D499-4D42-B7B3-B8AB67FE6363}.Release|Any CPU.Build.0 = Release|Any CPU
		{C3BCCE45-DDA4-431B-B4A9-F918A01DA8C2}.Debug|Any CPU.ActiveCfg = Debug|Any CPU
		{C3BCCE45-DDA4-431B-B4A9-F918A01DA8C2}.Debug|Any CPU.Build.0 = Debug|Any CPU
		{C3BCCE45-DDA4-431B-B4A9-F918A01DA8C2}.Release|Any CPU.ActiveCfg = Release|Any CPU
		{C3BCCE45-DDA4-431B-B4A9-F918A01DA8C2}.Release|Any CPU.Build.0 = Release|Any CPU
		{160DFE71-0FAC-4220-B570-51334BDFFA29}.Debug|Any CPU.ActiveCfg = Debug|Any CPU
		{160DFE71-0FAC-4220-B570-51334BDFFA29}.Debug|Any CPU.Build.0 = Debug|Any CPU
		{160DFE71-0FAC-4220-B570-51334BDFFA29}.Release|Any CPU.ActiveCfg = Release|Any CPU
		{160DFE71-0FAC-4220-B570-51334BDFFA29}.Release|Any CPU.Build.0 = Release|Any CPU
		{92EFF280-0DB5-47E5-8231-C09C76D4F255}.Debug|Any CPU.ActiveCfg = Debug|Any CPU
		{92EFF280-0DB5-47E5-8231-C09C76D4F255}.Debug|Any CPU.Build.0 = Debug|Any CPU
		{92EFF280-0DB5-47E5-8231-C09C76D4F255}.Release|Any CPU.ActiveCfg = Release|Any CPU
		{92EFF280-0DB5-47E5-8231-C09C76D4F255}.Release|Any CPU.Build.0 = Release|Any CPU
		{DB0D58E7-91EA-4ACA-A4BA-1F577A9340A1}.Debug|Any CPU.ActiveCfg = Debug|Any CPU
		{DB0D58E7-91EA-4ACA-A4BA-1F577A9340A1}.Debug|Any CPU.Build.0 = Debug|Any CPU
		{DB0D58E7-91EA-4ACA-A4BA-1F577A9340A1}.Release|Any CPU.ActiveCfg = Release|Any CPU
		{DB0D58E7-91EA-4ACA-A4BA-1F577A9340A1}.Release|Any CPU.Build.0 = Release|Any CPU
		{52CFD25E-1F68-4ED1-8ACC-85E26AFE2004}.Debug|Any CPU.ActiveCfg = Debug|Any CPU
		{52CFD25E-1F68-4ED1-8ACC-85E26AFE2004}.Debug|Any CPU.Build.0 = Debug|Any CPU
		{52CFD25E-1F68-4ED1-8ACC-85E26AFE2004}.Release|Any CPU.ActiveCfg = Release|Any CPU
		{52CFD25E-1F68-4ED1-8ACC-85E26AFE2004}.Release|Any CPU.Build.0 = Release|Any CPU
		{C000F40B-1883-48EF-8F80-34C5055E8E2D}.Debug|Any CPU.ActiveCfg = Debug|Any CPU
		{C000F40B-1883-48EF-8F80-34C5055E8E2D}.Debug|Any CPU.Build.0 = Debug|Any CPU
		{C000F40B-1883-48EF-8F80-34C5055E8E2D}.Release|Any CPU.ActiveCfg = Release|Any CPU
		{C000F40B-1883-48EF-8F80-34C5055E8E2D}.Release|Any CPU.Build.0 = Release|Any CPU
	EndGlobalSection
	GlobalSection(NestedProjects) = preSolution
		{578C9B0F-DA02-47FA-B104-BF6C251F5BB2} = {40D20EC2-D4B9-49A4-B3E2-243BF316B38E}
		{1072F334-71FB-4CD1-99E0-46E6DB41F98E} = {40D20EC2-D4B9-49A4-B3E2-243BF316B38E}
		{16162894-D499-4D42-B7B3-B8AB67FE6363} = {40D20EC2-D4B9-49A4-B3E2-243BF316B38E}
		{C3BCCE45-DDA4-431B-B4A9-F918A01DA8C2} = {84C6AF0C-8794-40ED-B466-E00BADB8040F}
		{160DFE71-0FAC-4220-B570-51334BDFFA29} = {40D20EC2-D4B9-49A4-B3E2-243BF316B38E}
		{92EFF280-0DB5-47E5-8231-C09C76D4F255} = {40D20EC2-D4B9-49A4-B3E2-243BF316B38E}
		{DB0D58E7-91EA-4ACA-A4BA-1F577A9340A1} = {40D20EC2-D4B9-49A4-B3E2-243BF316B38E}
		{52CFD25E-1F68-4ED1-8ACC-85E26AFE2004} = {40D20EC2-D4B9-49A4-B3E2-243BF316B38E}
		{C000F40B-1883-48EF-8F80-34C5055E8E2D} = {40D20EC2-D4B9-49A4-B3E2-243BF316B38E}
	EndGlobalSection
EndGlobal
