
Microsoft Visual Studio Solution File, Format Version 12.00
Project("{FAE04EC0-301F-11D3-BF4B-00C04F79EFBC}") = "API", "API\API.csproj", "{578C9B0F-DA02-47FA-B104-BF6C251F5BB2}"
EndProject
Project("{FAE04EC0-301F-11D3-BF4B-00C04F79EFBC}") = "DAL", "DAL\DAL.csproj", "{1072F334-71FB-4CD1-99E0-46E6DB41F98E}"
EndProject
Global
	GlobalSection(SolutionConfigurationPlatforms) = preSolution
		Debug|Any CPU = Debug|Any CPU
		Release|Any CPU = Release|Any CPU
	EndGlobalSection
	GlobalSection(ProjectConfigurationPlatforms) = postSolution
		{578C9B0F-DA02-47FA-B104-BF6C251F5BB2}.Debug|Any CPU.ActiveCfg = Debug|Any CPU
		{578C9B0F-DA02-47FA-B104-BF6C251F5BB2}.Debug|Any CPU.Build.0 = Debug|Any CPU
		{578C9B0F-DA02-47FA-B104-BF6C251F5BB2}.Release|Any CPU.ActiveCfg = Release|Any CPU
		{578C9B0F-DA02-47FA-B104-BF6C251F5BB2}.Release|Any CPU.Build.0 = Release|Any CPU
		{1072F334-71FB-4CD1-99E0-46E6DB41F98E}.Debug|Any CPU.ActiveCfg = Debug|Any CPU
		{1072F334-71FB-4CD1-99E0-46E6DB41F98E}.Debug|Any CPU.Build.0 = Debug|Any CPU
		{1072F334-71FB-4CD1-99E0-46E6DB41F98E}.Release|Any CPU.ActiveCfg = Release|Any CPU
		{1072F334-71FB-4CD1-99E0-46E6DB41F98E}.Release|Any CPU.Build.0 = Release|Any CPU
	EndGlobalSection
EndGlobal
